{
  "requires": true,
  "lockfileVersion": 1,
  "dependencies": {
    "react-facebook-pixel": {
      "version": "0.1.3",
      "resolved": "https://registry.npmjs.org/react-facebook-pixel/-/react-facebook-pixel-0.1.3.tgz",
      "integrity": "sha512-9Zlnmjn2zGPGucuaxjHkNHW3DvDMCLkM9DFx0o0j7u3fzzsD+2bOtG1JA3PP8A11U5WBwoL0BD/RGQmaDvaIDw=="
    }
  }
}
